# This file is automatically @generated by Cargo.
# It is not intended for manual editing.
version = 4

[[package]]
name = "capability-report"
version = "0.1.0"

[[package]]
name = "conformance-runner"
version = "0.1.0"

[[package]]
name = "dshd"
version = "0.1.0"
dependencies = [
 "dshd-adapters",
 "dshd-contract",
 "dshd-core",
]

[[package]]
name = "dshd-adapters"
version = "0.1.0"
dependencies = [
 "dshd-contract",
 "dshd-core",
]

[[package]]
name = "dshd-contract"
version = "0.1.0"

[[package]]
name = "dshd-core"
version = "0.1.0"

[[package]]
name = "fake-harness"
version = "0.1.0"

[[package]]
name = "reference-stub"
version = "0.1.0"
